
Microsoft Visual Studio Solution File, Format Version 12.00
# Visual Studio Version 17
VisualStudioVersion = 17.4.33213.308
MinimumVisualStudioVersion = 10.0.40219.1
Project("{FAE04EC0-301F-11D3-BF4B-00C04F79EFBC}") = "comp123_bonus2_fan_yang", "comp123_bonus2_fan_yang.csproj", "{53AF7085-4A7F-4BAC-9DA1-794BE928E8A6}"
EndProject
Global
	GlobalSection(SolutionConfigurationPlatforms) = preSolution
		Debug|Any CPU = Debug|Any CPU
		Release|Any CPU = Release|Any CPU
	EndGlobalSection
	GlobalSection(ProjectConfigurationPlatforms) = postSolution
		{53AF7085-4A7F-4BAC-9DA1-794BE928E8A6}.Debug|Any CPU.ActiveCfg = Debug|Any CPU
		{53AF7085-4A7F-4BAC-9DA1-794BE928E8A6}.Debug|Any CPU.Build.0 = Debug|Any CPU
		{53AF7085-4A7F-4BAC-9DA1-794BE928E8A6}.Release|Any CPU.ActiveCfg = Release|Any CPU
		{53AF7085-4A7F-4BAC-9DA1-794BE928E8A6}.Release|Any CPU.Build.0 = Release|Any CPU
	EndGlobalSection
	GlobalSection(SolutionProperties) = preSolution
		HideSolutionNode = FALSE
	EndGlobalSection
	GlobalSection(ExtensibilityGlobals) = postSolution
		SolutionGuid = {F2EFE85F-494A-4038-983D-4A40BAE247F8}
	EndGlobalSection
EndGlobal
